
Microsoft Visual Studio Solution File, Format Version 12.00
# Visual Studio Version 17
VisualStudioVersion = 17.3.32825.248
MinimumVisualStudioVersion = 10.0.40219.1
Project("{9A19103F-16F7-4668-BE54-9A1E7A4F7556}") = "UniversityApiBackend", "UniversityApiBackend\UniversityApiBackend.csproj", "{EF717C00-2D56-412F-BDDE-0E527C10DA2A}"
EndProject
Project("{FAE04EC0-301F-11D3-BF4B-00C04F79EFBC}") = "linqSnippet", "linqSnippet\linqSnippet.csproj", "{158DB343-4559-4288-BBA4-D5FE4E8C162E}"
EndProject
Global
	GlobalSection(SolutionConfigurationPlatforms) = preSolution
		Debug|Any CPU = Debug|Any CPU
		Release|Any CPU = Release|Any CPU
	EndGlobalSection
	GlobalSection(ProjectConfigurationPlatforms) = postSolution
		{EF717C00-2D56-412F-BDDE-0E527C10DA2A}.Debug|Any CPU.ActiveCfg = Debug|Any CPU
		{EF717C00-2D56-412F-BDDE-0E527C10DA2A}.Debug|Any CPU.Build.0 = Debug|Any CPU
		{EF717C00-2D56-412F-BDDE-0E527C10DA2A}.Release|Any CPU.ActiveCfg = Release|Any CPU
		{EF717C00-2D56-412F-BDDE-0E527C10DA2A}.Release|Any CPU.Build.0 = Release|Any CPU
		{158DB343-4559-4288-BBA4-D5FE4E8C162E}.Debug|Any CPU.ActiveCfg = Debug|Any CPU
		{158DB343-4559-4288-BBA4-D5FE4E8C162E}.Debug|Any CPU.Build.0 = Debug|Any CPU
		{158DB343-4559-4288-BBA4-D5FE4E8C162E}.Release|Any CPU.ActiveCfg = Release|Any CPU
		{158DB343-4559-4288-BBA4-D5FE4E8C162E}.Release|Any CPU.Build.0 = Release|Any CPU
	EndGlobalSection
	GlobalSection(SolutionProperties) = preSolution
		HideSolutionNode = FALSE
	EndGlobalSection
	GlobalSection(ExtensibilityGlobals) = postSolution
		SolutionGuid = {79F72233-7C8B-4785-B9FE-AB14C97124B5}
	EndGlobalSection
EndGlobal
